
Microsoft Visual Studio Solution File, Format Version 12.00
# Visual Studio Version 16
VisualStudioVersion = 16.0.30413.136
MinimumVisualStudioVersion = 10.0.40219.1
Project("{9A19103F-16F7-4668-BE54-9A1E7A4F7556}") = "UserMaintenance", "UserMaintenance\UserMaintenance.csproj", "{38FD39DB-1618-4F35-B623-88D176F711EF}"
EndProject
Project("{FAE04EC0-301F-11D3-BF4B-00C04F79EFBC}") = "excelGenerator", "excelGenerator\excelGenerator.csproj", "{247BEC05-CB91-4A28-B0FD-9640C03A5BF7}"
EndProject
Project("{FAE04EC0-301F-11D3-BF4B-00C04F79EFBC}") = "VaR_project", "VaR_project\VaR_project.csproj", "{8587BE22-ECA3-4FDE-B776-51A9D84A2BB6}"
EndProject
Project("{FAE04EC0-301F-11D3-BF4B-00C04F79EFBC}") = "webService", "webService\webService.csproj", "{0B28C1E3-7478-4670-82A0-DFC074003FB8}"
EndProject
Project("{FAE04EC0-301F-11D3-BF4B-00C04F79EFBC}") = "MikroSzimulacio", "MikroSzimulacio\MikroSzimulacio.csproj", "{CC629826-571C-4227-B83D-11B6180D8CA5}"
EndProject
Project("{FAE04EC0-301F-11D3-BF4B-00C04F79EFBC}") = "Factory", "Factory\Factory.csproj", "{71EE23F6-986F-4AF3-A3DC-94C8CD9B6379}"
EndProject
Project("{FAE04EC0-301F-11D3-BF4B-00C04F79EFBC}") = "UnitTestExample", "..\..\..\..\Desktop\UnitTestExample\UnitTestExample.csproj", "{F1FBDBB6-FEBA-421B-A647-484ED380E500}"
EndProject
Global
	GlobalSection(SolutionConfigurationPlatforms) = preSolution
		Debug|Any CPU = Debug|Any CPU
		Release|Any CPU = Release|Any CPU
	EndGlobalSection
	GlobalSection(ProjectConfigurationPlatforms) = postSolution
		{38FD39DB-1618-4F35-B623-88D176F711EF}.Debug|Any CPU.ActiveCfg = Debug|Any CPU
		{38FD39DB-1618-4F35-B623-88D176F711EF}.Debug|Any CPU.Build.0 = Debug|Any CPU
		{38FD39DB-1618-4F35-B623-88D176F711EF}.Release|Any CPU.ActiveCfg = Release|Any CPU
		{38FD39DB-1618-4F35-B623-88D176F711EF}.Release|Any CPU.Build.0 = Release|Any CPU
		{247BEC05-CB91-4A28-B0FD-9640C03A5BF7}.Debug|Any CPU.ActiveCfg = Debug|Any CPU
		{247BEC05-CB91-4A28-B0FD-9640C03A5BF7}.Debug|Any CPU.Build.0 = Debug|Any CPU
		{247BEC05-CB91-4A28-B0FD-9640C03A5BF7}.Release|Any CPU.ActiveCfg = Release|Any CPU
		{247BEC05-CB91-4A28-B0FD-9640C03A5BF7}.Release|Any CPU.Build.0 = Release|Any CPU
		{8587BE22-ECA3-4FDE-B776-51A9D84A2BB6}.Debug|Any CPU.ActiveCfg = Debug|Any CPU
		{8587BE22-ECA3-4FDE-B776-51A9D84A2BB6}.Debug|Any CPU.Build.0 = Debug|Any CPU
		{8587BE22-ECA3-4FDE-B776-51A9D84A2BB6}.Release|Any CPU.ActiveCfg = Release|Any CPU
		{8587BE22-ECA3-4FDE-B776-51A9D84A2BB6}.Release|Any CPU.Build.0 = Release|Any CPU
		{0B28C1E3-7478-4670-82A0-DFC074003FB8}.Debug|Any CPU.ActiveCfg = Debug|Any CPU
		{0B28C1E3-7478-4670-82A0-DFC074003FB8}.Debug|Any CPU.Build.0 = Debug|Any CPU
		{0B28C1E3-7478-4670-82A0-DFC074003FB8}.Release|Any CPU.ActiveCfg = Release|Any CPU
		{0B28C1E3-7478-4670-82A0-DFC074003FB8}.Release|Any CPU.Build.0 = Release|Any CPU
		{CC629826-571C-4227-B83D-11B6180D8CA5}.Debug|Any CPU.ActiveCfg = Debug|Any CPU
		{CC629826-571C-4227-B83D-11B6180D8CA5}.Debug|Any CPU.Build.0 = Debug|Any CPU
		{CC629826-571C-4227-B83D-11B6180D8CA5}.Release|Any CPU.ActiveCfg = Release|Any CPU
		{CC629826-571C-4227-B83D-11B6180D8CA5}.Release|Any CPU.Build.0 = Release|Any CPU
		{71EE23F6-986F-4AF3-A3DC-94C8CD9B6379}.Debug|Any CPU.ActiveCfg = Debug|Any CPU
		{71EE23F6-986F-4AF3-A3DC-94C8CD9B6379}.Debug|Any CPU.Build.0 = Debug|Any CPU
		{71EE23F6-986F-4AF3-A3DC-94C8CD9B6379}.Release|Any CPU.ActiveCfg = Release|Any CPU
		{71EE23F6-986F-4AF3-A3DC-94C8CD9B6379}.Release|Any CPU.Build.0 = Release|Any CPU
		{F1FBDBB6-FEBA-421B-A647-484ED380E500}.Debug|Any CPU.ActiveCfg = Debug|Any CPU
		{F1FBDBB6-FEBA-421B-A647-484ED380E500}.Debug|Any CPU.Build.0 = Debug|Any CPU
		{F1FBDBB6-FEBA-421B-A647-484ED380E500}.Release|Any CPU.ActiveCfg = Release|Any CPU
		{F1FBDBB6-FEBA-421B-A647-484ED380E500}.Release|Any CPU.Build.0 = Release|Any CPU
	EndGlobalSection
	GlobalSection(SolutionProperties) = preSolution
		HideSolutionNode = FALSE
	EndGlobalSection
	GlobalSection(ExtensibilityGlobals) = postSolution
		SolutionGuid = {561C3DF4-03E1-482F-835F-D2D5CD15FA72}
	EndGlobalSection
EndGlobal
